
Microsoft Visual Studio Solution File, Format Version 12.00
# Visual Studio Version 17
VisualStudioVersion = 17.1.32319.34
MinimumVisualStudioVersion = 10.0.40219.1
Project("{FAE04EC0-301F-11D3-BF4B-00C04F79EFBC}") = "WebCamAndroid.Android", "WebCamAndroid\WebCamAndroid.Android\WebCamAndroid.Android.csproj", "{CF5C04C7-107C-4C67-8236-47A06046514F}"
EndProject
Project("{FAE04EC0-301F-11D3-BF4B-00C04F79EFBC}") = "WebCamAndroid", "WebCamAndroid\WebCamAndroid\WebCamAndroid.csproj", "{42AE879F-A567-40F7-8BF6-7C6C9130B41B}"
EndProject
Global
	GlobalSection(SolutionConfigurationPlatforms) = preSolution
		Debug|Any CPU = Debug|Any CPU
		Debug|iPhone = Debug|iPhone
		Debug|iPhoneSimulator = Debug|iPhoneSimulator
		Release|Any CPU = Release|Any CPU
		Release|iPhone = Release|iPhone
		Release|iPhoneSimulator = Release|iPhoneSimulator
	EndGlobalSection
	GlobalSection(ProjectConfigurationPlatforms) = postSolution
		{CF5C04C7-107C-4C67-8236-47A06046514F}.Debug|Any CPU.ActiveCfg = Debug|Any CPU
		{CF5C04C7-107C-4C67-8236-47A06046514F}.Debug|Any CPU.Build.0 = Debug|Any CPU
		{CF5C04C7-107C-4C67-8236-47A06046514F}.Debug|Any CPU.Deploy.0 = Debug|Any CPU
		{CF5C04C7-107C-4C67-8236-47A06046514F}.Debug|iPhone.ActiveCfg = Debug|Any CPU
		{CF5C04C7-107C-4C67-8236-47A06046514F}.Debug|iPhone.Build.0 = Debug|Any CPU
		{CF5C04C7-107C-4C67-8236-47A06046514F}.Debug|iPhone.Deploy.0 = Debug|Any CPU
		{CF5C04C7-107C-4C67-8236-47A06046514F}.Debug|iPhoneSimulator.ActiveCfg = Debug|Any CPU
		{CF5C04C7-107C-4C67-8236-47A06046514F}.Debug|iPhoneSimulator.Build.0 = Debug|Any CPU
		{CF5C04C7-107C-4C67-8236-47A06046514F}.Debug|iPhoneSimulator.Deploy.0 = Debug|Any CPU
		{CF5C04C7-107C-4C67-8236-47A06046514F}.Release|Any CPU.ActiveCfg = Release|Any CPU
		{CF5C04C7-107C-4C67-8236-47A06046514F}.Release|Any CPU.Build.0 = Release|Any CPU
		{CF5C04C7-107C-4C67-8236-47A06046514F}.Release|Any CPU.Deploy.0 = Release|Any CPU
		{CF5C04C7-107C-4C67-8236-47A06046514F}.Release|iPhone.ActiveCfg = Release|Any CPU
		{CF5C04C7-107C-4C67-8236-47A06046514F}.Release|iPhone.Build.0 = Release|Any CPU
		{CF5C04C7-107C-4C67-8236-47A06046514F}.Release|iPhone.Deploy.0 = Release|Any CPU
		{CF5C04C7-107C-4C67-8236-47A06046514F}.Release|iPhoneSimulator.ActiveCfg = Release|Any CPU
		{CF5C04C7-107C-4C67-8236-47A06046514F}.Release|iPhoneSimulator.Build.0 = Release|Any CPU
		{CF5C04C7-107C-4C67-8236-47A06046514F}.Release|iPhoneSimulator.Deploy.0 = Release|Any CPU
		{42AE879F-A567-40F7-8BF6-7C6C9130B41B}.Debug|Any CPU.ActiveCfg = Debug|Any CPU
		{42AE879F-A567-40F7-8BF6-7C6C9130B41B}.Debug|Any CPU.Build.0 = Debug|Any CPU
		{42AE879F-A567-40F7-8BF6-7C6C9130B41B}.Debug|Any CPU.Deploy.0 = Debug|Any CPU
		{42AE879F-A567-40F7-8BF6-7C6C9130B41B}.Debug|iPhone.ActiveCfg = Debug|Any CPU
		{42AE879F-A567-40F7-8BF6-7C6C9130B41B}.Debug|iPhone.Build.0 = Debug|Any CPU
		{42AE879F-A567-40F7-8BF6-7C6C9130B41B}.Debug|iPhone.Deploy.0 = Debug|Any CPU
		{42AE879F-A567-40F7-8BF6-7C6C9130B41B}.Debug|iPhoneSimulator.ActiveCfg = Debug|Any CPU
		{42AE879F-A567-40F7-8BF6-7C6C9130B41B}.Debug|iPhoneSimulator.Build.0 = Debug|Any CPU
		{42AE879F-A567-40F7-8BF6-7C6C9130B41B}.Debug|iPhoneSimulator.Deploy.0 = Debug|Any CPU
		{42AE879F-A567-40F7-8BF6-7C6C9130B41B}.Release|Any CPU.ActiveCfg = Release|Any CPU
		{42AE879F-A567-40F7-8BF6-7C6C9130B41B}.Release|Any CPU.Build.0 = Release|Any CPU
		{42AE879F-A567-40F7-8BF6-7C6C9130B41B}.Release|Any CPU.Deploy.0 = Release|Any CPU
		{42AE879F-A567-40F7-8BF6-7C6C9130B41B}.Release|iPhone.ActiveCfg = Release|Any CPU
		{42AE879F-A567-40F7-8BF6-7C6C9130B41B}.Release|iPhone.Build.0 = Release|Any CPU
		{42AE879F-A567-40F7-8BF6-7C6C9130B41B}.Release|iPhone.Deploy.0 = Release|Any CPU
		{42AE879F-A567-40F7-8BF6-7C6C9130B41B}.Release|iPhoneSimulator.ActiveCfg = Release|Any CPU
		{42AE879F-A567-40F7-8BF6-7C6C9130B41B}.Release|iPhoneSimulator.Build.0 = Release|Any CPU
		{42AE879F-A567-40F7-8BF6-7C6C9130B41B}.Release|iPhoneSimulator.Deploy.0 = Release|Any CPU
	EndGlobalSection
	GlobalSection(SolutionProperties) = preSolution
		HideSolutionNode = FALSE
	EndGlobalSection
	GlobalSection(ExtensibilityGlobals) = postSolution
		SolutionGuid = {52169D23-CDFE-45BA-BE5D-B44253E0AE18}
	EndGlobalSection
EndGlobal
